
Microsoft Visual Studio Solution File, Format Version 12.00
# Visual Studio Version 17
VisualStudioVersion = 17.2.32630.192
MinimumVisualStudioVersion = 10.0.40219.1
Project("{9A19103F-16F7-4668-BE54-9A1E7A4F7556}") = "Ejercicio01_Veterinaria", "Ejercicio01_Veterinaria\Ejercicio01_Veterinaria.csproj", "{60B27627-257A-4564-851C-2D0B21795CA3}"
EndProject
Project("{FAE04EC0-301F-11D3-BF4B-00C04F79EFBC}") = "Ejercicio02_Figuras", "TP3Ejercicio02\Ejercicio02_Figuras.csproj", "{6A12E3DB-B22A-4432-9E71-8BDDA7407558}"
EndProject
Global
	GlobalSection(SolutionConfigurationPlatforms) = preSolution
		Debug|Any CPU = Debug|Any CPU
		Release|Any CPU = Release|Any CPU
	EndGlobalSection
	GlobalSection(ProjectConfigurationPlatforms) = postSolution
		{60B27627-257A-4564-851C-2D0B21795CA3}.Debug|Any CPU.ActiveCfg = Debug|Any CPU
		{60B27627-257A-4564-851C-2D0B21795CA3}.Debug|Any CPU.Build.0 = Debug|Any CPU
		{60B27627-257A-4564-851C-2D0B21795CA3}.Release|Any CPU.ActiveCfg = Release|Any CPU
		{60B27627-257A-4564-851C-2D0B21795CA3}.Release|Any CPU.Build.0 = Release|Any CPU
		{6A12E3DB-B22A-4432-9E71-8BDDA7407558}.Debug|Any CPU.ActiveCfg = Debug|Any CPU
		{6A12E3DB-B22A-4432-9E71-8BDDA7407558}.Debug|Any CPU.Build.0 = Debug|Any CPU
		{6A12E3DB-B22A-4432-9E71-8BDDA7407558}.Release|Any CPU.ActiveCfg = Release|Any CPU
		{6A12E3DB-B22A-4432-9E71-8BDDA7407558}.Release|Any CPU.Build.0 = Release|Any CPU
	EndGlobalSection
	GlobalSection(SolutionProperties) = preSolution
		HideSolutionNode = FALSE
	EndGlobalSection
	GlobalSection(ExtensibilityGlobals) = postSolution
		SolutionGuid = {6A7D98BA-A4A4-4D16-BF38-E5A1DF385E7B}
	EndGlobalSection
EndGlobal
